
Microsoft Visual Studio Solution File, Format Version 12.00
# Visual Studio Version 16
VisualStudioVersion = 16.0.29609.76
MinimumVisualStudioVersion = 10.0.40219.1
Project("{FAE04EC0-301F-11D3-BF4B-00C04F79EFBC}") = "lab6_1", "lab6_1\lab6_1.csproj", "{60A7216C-9D72-43BD-BBDD-04A46F25448A}"
EndProject
Project("{FAE04EC0-301F-11D3-BF4B-00C04F79EFBC}") = "UnitTestProject1", "UnitTestProject1\UnitTestProject1.csproj", "{29B6D6C2-7AA3-416E-8C93-1255C6ADA1DC}"
EndProject
Global
	GlobalSection(SolutionConfigurationPlatforms) = preSolution
		Debug|Any CPU = Debug|Any CPU
		Release|Any CPU = Release|Any CPU
	EndGlobalSection
	GlobalSection(ProjectConfigurationPlatforms) = postSolution
		{60A7216C-9D72-43BD-BBDD-04A46F25448A}.Debug|Any CPU.ActiveCfg = Debug|Any CPU
		{60A7216C-9D72-43BD-BBDD-04A46F25448A}.Debug|Any CPU.Build.0 = Debug|Any CPU
		{60A7216C-9D72-43BD-BBDD-04A46F25448A}.Release|Any CPU.ActiveCfg = Release|Any CPU
		{60A7216C-9D72-43BD-BBDD-04A46F25448A}.Release|Any CPU.Build.0 = Release|Any CPU
		{29B6D6C2-7AA3-416E-8C93-1255C6ADA1DC}.Debug|Any CPU.ActiveCfg = Debug|Any CPU
		{29B6D6C2-7AA3-416E-8C93-1255C6ADA1DC}.Debug|Any CPU.Build.0 = Debug|Any CPU
		{29B6D6C2-7AA3-416E-8C93-1255C6ADA1DC}.Release|Any CPU.ActiveCfg = Release|Any CPU
		{29B6D6C2-7AA3-416E-8C93-1255C6ADA1DC}.Release|Any CPU.Build.0 = Release|Any CPU
	EndGlobalSection
	GlobalSection(SolutionProperties) = preSolution
		HideSolutionNode = FALSE
	EndGlobalSection
	GlobalSection(ExtensibilityGlobals) = postSolution
		SolutionGuid = {EA9D2048-3190-41FC-9FA5-EA70494586B4}
	EndGlobalSection
EndGlobal
